
Microsoft Visual Studio Solution File, Format Version 12.00
# Visual Studio Version 17
VisualStudioVersion = 17.8.34322.80
MinimumVisualStudioVersion = 10.0.40219.1
Project("{9A19103F-16F7-4668-BE54-9A1E7A4F7556}") = "NeuralNetDesigner", "NeuralNetDesigner\NeuralNetDesigner.csproj", "{3D6B4553-7674-4B94-BDBB-051165CECA8E}"
EndProject
Project("{8BC9CEB8-8B4A-11D0-8D11-00A0C91BC942}") = "DeepLearning", "DeepLearning\DeepLearning.vcxproj", "{DEFF77FC-B5F4-4ECD-8299-8AA7AB12ED3F}"
EndProject
Project("{8BC9CEB8-8B4A-11D0-8D11-00A0C91BC942}") = "UnmanagedNNTest", "UnmanagedNNTest\UnmanagedNNTest.vcxproj", "{FFF1499A-98D7-419F-A812-7560176D7A3E}"
EndProject
Project("{8BC9CEB8-8B4A-11D0-8D11-00A0C91BC942}") = "UnmanagedNNCmd", "UnmanagedNNCmd\UnmanagedNNCmd.vcxproj", "{D36E0342-29C2-4541-9E3E-7CF4B61A016C}"
EndProject
Project("{8BC9CEB8-8B4A-11D0-8D11-00A0C91BC942}") = "AnnDll", "AnnDll\AnnDll.vcxproj", "{C7C14E35-BC7E-428D-82C7-5FA73F7848EA}"
EndProject
Global
	GlobalSection(SolutionConfigurationPlatforms) = preSolution
		Debug|Any CPU = Debug|Any CPU
		Debug|x64 = Debug|x64
		Debug|x86 = Debug|x86
		MinSizeRel|Any CPU = MinSizeRel|Any CPU
		MinSizeRel|x64 = MinSizeRel|x64
		MinSizeRel|x86 = MinSizeRel|x86
		Release|Any CPU = Release|Any CPU
		Release|x64 = Release|x64
		Release|x86 = Release|x86
		RelWithDebInfo|Any CPU = RelWithDebInfo|Any CPU
		RelWithDebInfo|x64 = RelWithDebInfo|x64
		RelWithDebInfo|x86 = RelWithDebInfo|x86
	EndGlobalSection
	GlobalSection(ProjectConfigurationPlatforms) = postSolution
		{3D6B4553-7674-4B94-BDBB-051165CECA8E}.Debug|Any CPU.ActiveCfg = Debug|Any CPU
		{3D6B4553-7674-4B94-BDBB-051165CECA8E}.Debug|Any CPU.Build.0 = Debug|Any CPU
		{3D6B4553-7674-4B94-BDBB-051165CECA8E}.Debug|x64.ActiveCfg = Debug|Any CPU
		{3D6B4553-7674-4B94-BDBB-051165CECA8E}.Debug|x64.Build.0 = Debug|Any CPU
		{3D6B4553-7674-4B94-BDBB-051165CECA8E}.Debug|x86.ActiveCfg = Debug|Any CPU
		{3D6B4553-7674-4B94-BDBB-051165CECA8E}.Debug|x86.Build.0 = Debug|Any CPU
		{3D6B4553-7674-4B94-BDBB-051165CECA8E}.MinSizeRel|Any CPU.ActiveCfg = Release|Any CPU
		{3D6B4553-7674-4B94-BDBB-051165CECA8E}.MinSizeRel|Any CPU.Build.0 = Release|Any CPU
		{3D6B4553-7674-4B94-BDBB-051165CECA8E}.MinSizeRel|x64.ActiveCfg = Release|Any CPU
		{3D6B4553-7674-4B94-BDBB-051165CECA8E}.MinSizeRel|x64.Build.0 = Release|Any CPU
		{3D6B4553-7674-4B94-BDBB-051165CECA8E}.MinSizeRel|x86.ActiveCfg = Release|Any CPU
		{3D6B4553-7674-4B94-BDBB-051165CECA8E}.MinSizeRel|x86.Build.0 = Release|Any CPU
		{3D6B4553-7674-4B94-BDBB-051165CECA8E}.Release|Any CPU.ActiveCfg = Release|Any CPU
		{3D6B4553-7674-4B94-BDBB-051165CECA8E}.Release|Any CPU.Build.0 = Release|Any CPU
		{3D6B4553-7674-4B94-BDBB-051165CECA8E}.Release|x64.ActiveCfg = Release|Any CPU
		{3D6B4553-7674-4B94-BDBB-051165CECA8E}.Release|x64.Build.0 = Release|Any CPU
		{3D6B4553-7674-4B94-BDBB-051165CECA8E}.Release|x86.ActiveCfg = Release|Any CPU
		{3D6B4553-7674-4B94-BDBB-051165CECA8E}.Release|x86.Build.0 = Release|Any CPU
		{3D6B4553-7674-4B94-BDBB-051165CECA8E}.RelWithDebInfo|Any CPU.ActiveCfg = Release|Any CPU
		{3D6B4553-7674-4B94-BDBB-051165CECA8E}.RelWithDebInfo|Any CPU.Build.0 = Release|Any CPU
		{3D6B4553-7674-4B94-BDBB-051165CECA8E}.RelWithDebInfo|x64.ActiveCfg = Release|Any CPU
		{3D6B4553-7674-4B94-BDBB-051165CECA8E}.RelWithDebInfo|x64.Build.0 = Release|Any CPU
		{3D6B4553-7674-4B94-BDBB-051165CECA8E}.RelWithDebInfo|x86.ActiveCfg = Release|Any CPU
		{3D6B4553-7674-4B94-BDBB-051165CECA8E}.RelWithDebInfo|x86.Build.0 = Release|Any CPU
		{DEFF77FC-B5F4-4ECD-8299-8AA7AB12ED3F}.Debug|Any CPU.ActiveCfg = Debug|x64
		{DEFF77FC-B5F4-4ECD-8299-8AA7AB12ED3F}.Debug|Any CPU.Build.0 = Debug|x64
		{DEFF77FC-B5F4-4ECD-8299-8AA7AB12ED3F}.Debug|x64.ActiveCfg = Debug|x64
		{DEFF77FC-B5F4-4ECD-8299-8AA7AB12ED3F}.Debug|x64.Build.0 = Debug|x64
		{DEFF77FC-B5F4-4ECD-8299-8AA7AB12ED3F}.Debug|x86.ActiveCfg = Debug|Win32
		{DEFF77FC-B5F4-4ECD-8299-8AA7AB12ED3F}.Debug|x86.Build.0 = Debug|Win32
		{DEFF77FC-B5F4-4ECD-8299-8AA7AB12ED3F}.MinSizeRel|Any CPU.ActiveCfg = Release|x64
		{DEFF77FC-B5F4-4ECD-8299-8AA7AB12ED3F}.MinSizeRel|Any CPU.Build.0 = Release|x64
		{DEFF77FC-B5F4-4ECD-8299-8AA7AB12ED3F}.MinSizeRel|x64.ActiveCfg = Release|x64
		{DEFF77FC-B5F4-4ECD-8299-8AA7AB12ED3F}.MinSizeRel|x64.Build.0 = Release|x64
		{DEFF77FC-B5F4-4ECD-8299-8AA7AB12ED3F}.MinSizeRel|x86.ActiveCfg = Release|Win32
		{DEFF77FC-B5F4-4ECD-8299-8AA7AB12ED3F}.MinSizeRel|x86.Build.0 = Release|Win32
		{DEFF77FC-B5F4-4ECD-8299-8AA7AB12ED3F}.Release|Any CPU.ActiveCfg = Release|x64
		{DEFF77FC-B5F4-4ECD-8299-8AA7AB12ED3F}.Release|Any CPU.Build.0 = Release|x64
		{DEFF77FC-B5F4-4ECD-8299-8AA7AB12ED3F}.Release|x64.ActiveCfg = Release|x64
		{DEFF77FC-B5F4-4ECD-8299-8AA7AB12ED3F}.Release|x64.Build.0 = Release|x64
		{DEFF77FC-B5F4-4ECD-8299-8AA7AB12ED3F}.Release|x86.ActiveCfg = Release|Win32
		{DEFF77FC-B5F4-4ECD-8299-8AA7AB12ED3F}.Release|x86.Build.0 = Release|Win32
		{DEFF77FC-B5F4-4ECD-8299-8AA7AB12ED3F}.RelWithDebInfo|Any CPU.ActiveCfg = Release|x64
		{DEFF77FC-B5F4-4ECD-8299-8AA7AB12ED3F}.RelWithDebInfo|Any CPU.Build.0 = Release|x64
		{DEFF77FC-B5F4-4ECD-8299-8AA7AB12ED3F}.RelWithDebInfo|x64.ActiveCfg = Release|x64
		{DEFF77FC-B5F4-4ECD-8299-8AA7AB12ED3F}.RelWithDebInfo|x64.Build.0 = Release|x64
		{DEFF77FC-B5F4-4ECD-8299-8AA7AB12ED3F}.RelWithDebInfo|x86.ActiveCfg = Release|Win32
		{DEFF77FC-B5F4-4ECD-8299-8AA7AB12ED3F}.RelWithDebInfo|x86.Build.0 = Release|Win32
		{FFF1499A-98D7-419F-A812-7560176D7A3E}.Debug|Any CPU.ActiveCfg = Debug|x64
		{FFF1499A-98D7-419F-A812-7560176D7A3E}.Debug|Any CPU.Build.0 = Debug|x64
		{FFF1499A-98D7-419F-A812-7560176D7A3E}.Debug|x64.ActiveCfg = Debug|x64
		{FFF1499A-98D7-419F-A812-7560176D7A3E}.Debug|x64.Build.0 = Debug|x64
		{FFF1499A-98D7-419F-A812-7560176D7A3E}.Debug|x86.ActiveCfg = Debug|Win32
		{FFF1499A-98D7-419F-A812-7560176D7A3E}.Debug|x86.Build.0 = Debug|Win32
		{FFF1499A-98D7-419F-A812-7560176D7A3E}.MinSizeRel|Any CPU.ActiveCfg = Release|x64
		{FFF1499A-98D7-419F-A812-7560176D7A3E}.MinSizeRel|Any CPU.Build.0 = Release|x64
		{FFF1499A-98D7-419F-A812-7560176D7A3E}.MinSizeRel|x64.ActiveCfg = Release|x64
		{FFF1499A-98D7-419F-A812-7560176D7A3E}.MinSizeRel|x64.Build.0 = Release|x64
		{FFF1499A-98D7-419F-A812-7560176D7A3E}.MinSizeRel|x86.ActiveCfg = Release|Win32
		{FFF1499A-98D7-419F-A812-7560176D7A3E}.MinSizeRel|x86.Build.0 = Release|Win32
		{FFF1499A-98D7-419F-A812-7560176D7A3E}.Release|Any CPU.ActiveCfg = Release|x64
		{FFF1499A-98D7-419F-A812-7560176D7A3E}.Release|Any CPU.Build.0 = Release|x64
		{FFF1499A-98D7-419F-A812-7560176D7A3E}.Release|x64.ActiveCfg = Release|x64
		{FFF1499A-98D7-419F-A812-7560176D7A3E}.Release|x64.Build.0 = Release|x64
		{FFF1499A-98D7-419F-A812-7560176D7A3E}.Release|x86.ActiveCfg = Release|Win32
		{FFF1499A-98D7-419F-A812-7560176D7A3E}.Release|x86.Build.0 = Release|Win32
		{FFF1499A-98D7-419F-A812-7560176D7A3E}.RelWithDebInfo|Any CPU.ActiveCfg = Release|x64
		{FFF1499A-98D7-419F-A812-7560176D7A3E}.RelWithDebInfo|Any CPU.Build.0 = Release|x64
		{FFF1499A-98D7-419F-A812-7560176D7A3E}.RelWithDebInfo|x64.ActiveCfg = Release|x64
		{FFF1499A-98D7-419F-A812-7560176D7A3E}.RelWithDebInfo|x64.Build.0 = Release|x64
		{FFF1499A-98D7-419F-A812-7560176D7A3E}.RelWithDebInfo|x86.ActiveCfg = Release|Win32
		{FFF1499A-98D7-419F-A812-7560176D7A3E}.RelWithDebInfo|x86.Build.0 = Release|Win32
		{D36E0342-29C2-4541-9E3E-7CF4B61A016C}.Debug|Any CPU.ActiveCfg = Debug|x64
		{D36E0342-29C2-4541-9E3E-7CF4B61A016C}.Debug|Any CPU.Build.0 = Debug|x64
		{D36E0342-29C2-4541-9E3E-7CF4B61A016C}.Debug|x64.ActiveCfg = Debug|x64
		{D36E0342-29C2-4541-9E3E-7CF4B61A016C}.Debug|x64.Build.0 = Debug|x64
		{D36E0342-29C2-4541-9E3E-7CF4B61A016C}.Debug|x86.ActiveCfg = Debug|Win32
		{D36E0342-29C2-4541-9E3E-7CF4B61A016C}.Debug|x86.Build.0 = Debug|Win32
		{D36E0342-29C2-4541-9E3E-7CF4B61A016C}.MinSizeRel|Any CPU.ActiveCfg = Release|x64
		{D36E0342-29C2-4541-9E3E-7CF4B61A016C}.MinSizeRel|Any CPU.Build.0 = Release|x64
		{D36E0342-29C2-4541-9E3E-7CF4B61A016C}.MinSizeRel|x64.ActiveCfg = Release|x64
		{D36E0342-29C2-4541-9E3E-7CF4B61A016C}.MinSizeRel|x64.Build.0 = Release|x64
		{D36E0342-29C2-4541-9E3E-7CF4B61A016C}.MinSizeRel|x86.ActiveCfg = Release|Win32
		{D36E0342-29C2-4541-9E3E-7CF4B61A016C}.MinSizeRel|x86.Build.0 = Release|Win32
		{D36E0342-29C2-4541-9E3E-7CF4B61A016C}.Release|Any CPU.ActiveCfg = Release|x64
		{D36E0342-29C2-4541-9E3E-7CF4B61A016C}.Release|Any CPU.Build.0 = Release|x64
		{D36E0342-29C2-4541-9E3E-7CF4B61A016C}.Release|x64.ActiveCfg = Release|x64
		{D36E0342-29C2-4541-9E3E-7CF4B61A016C}.Release|x64.Build.0 = Release|x64
		{D36E0342-29C2-4541-9E3E-7CF4B61A016C}.Release|x86.ActiveCfg = Release|Win32
		{D36E0342-29C2-4541-9E3E-7CF4B61A016C}.Release|x86.Build.0 = Release|Win32
		{D36E0342-29C2-4541-9E3E-7CF4B61A016C}.RelWithDebInfo|Any CPU.ActiveCfg = Release|x64
		{D36E0342-29C2-4541-9E3E-7CF4B61A016C}.RelWithDebInfo|Any CPU.Build.0 = Release|x64
		{D36E0342-29C2-4541-9E3E-7CF4B61A016C}.RelWithDebInfo|x64.ActiveCfg = Release|x64
		{D36E0342-29C2-4541-9E3E-7CF4B61A016C}.RelWithDebInfo|x64.Build.0 = Release|x64
		{D36E0342-29C2-4541-9E3E-7CF4B61A016C}.RelWithDebInfo|x86.ActiveCfg = Release|Win32
		{D36E0342-29C2-4541-9E3E-7CF4B61A016C}.RelWithDebInfo|x86.Build.0 = Release|Win32
		{C7C14E35-BC7E-428D-82C7-5FA73F7848EA}.Debug|Any CPU.ActiveCfg = Debug|x64
		{C7C14E35-BC7E-428D-82C7-5FA73F7848EA}.Debug|Any CPU.Build.0 = Debug|x64
		{C7C14E35-BC7E-428D-82C7-5FA73F7848EA}.Debug|x64.ActiveCfg = Debug|x64
		{C7C14E35-BC7E-428D-82C7-5FA73F7848EA}.Debug|x64.Build.0 = Debug|x64
		{C7C14E35-BC7E-428D-82C7-5FA73F7848EA}.Debug|x86.ActiveCfg = Debug|Win32
		{C7C14E35-BC7E-428D-82C7-5FA73F7848EA}.Debug|x86.Build.0 = Debug|Win32
		{C7C14E35-BC7E-428D-82C7-5FA73F7848EA}.MinSizeRel|Any CPU.ActiveCfg = Debug|x64
		{C7C14E35-BC7E-428D-82C7-5FA73F7848EA}.MinSizeRel|Any CPU.Build.0 = Debug|x64
		{C7C14E35-BC7E-428D-82C7-5FA73F7848EA}.MinSizeRel|x64.ActiveCfg = Debug|x64
		{C7C14E35-BC7E-428D-82C7-5FA73F7848EA}.MinSizeRel|x64.Build.0 = Debug|x64
		{C7C14E35-BC7E-428D-82C7-5FA73F7848EA}.MinSizeRel|x86.ActiveCfg = Debug|Win32
		{C7C14E35-BC7E-428D-82C7-5FA73F7848EA}.MinSizeRel|x86.Build.0 = Debug|Win32
		{C7C14E35-BC7E-428D-82C7-5FA73F7848EA}.Release|Any CPU.ActiveCfg = Release|x64
		{C7C14E35-BC7E-428D-82C7-5FA73F7848EA}.Release|Any CPU.Build.0 = Release|x64
		{C7C14E35-BC7E-428D-82C7-5FA73F7848EA}.Release|x64.ActiveCfg = Release|x64
		{C7C14E35-BC7E-428D-82C7-5FA73F7848EA}.Release|x64.Build.0 = Release|x64
		{C7C14E35-BC7E-428D-82C7-5FA73F7848EA}.Release|x86.ActiveCfg = Release|Win32
		{C7C14E35-BC7E-428D-82C7-5FA73F7848EA}.Release|x86.Build.0 = Release|Win32
		{C7C14E35-BC7E-428D-82C7-5FA73F7848EA}.RelWithDebInfo|Any CPU.ActiveCfg = Release|x64
		{C7C14E35-BC7E-428D-82C7-5FA73F7848EA}.RelWithDebInfo|Any CPU.Build.0 = Release|x64
		{C7C14E35-BC7E-428D-82C7-5FA73F7848EA}.RelWithDebInfo|x64.ActiveCfg = Release|x64
		{C7C14E35-BC7E-428D-82C7-5FA73F7848EA}.RelWithDebInfo|x64.Build.0 = Release|x64
		{C7C14E35-BC7E-428D-82C7-5FA73F7848EA}.RelWithDebInfo|x86.ActiveCfg = Release|Win32
		{C7C14E35-BC7E-428D-82C7-5FA73F7848EA}.RelWithDebInfo|x86.Build.0 = Release|Win32
	EndGlobalSection
	GlobalSection(SolutionProperties) = preSolution
		HideSolutionNode = FALSE
	EndGlobalSection
	GlobalSection(ExtensibilityGlobals) = postSolution
		SolutionGuid = {D847227B-4A1E-481D-B308-647A3FC55FA5}
	EndGlobalSection
EndGlobal
